{
  "name": "flow",
  "lockfileVersion": 3,
  "requires": true,
  "packages": {
    "": {
      "workspaces": [
        "flow/*",
        "example/*"
      ]
    },
    "flow/src": {
      "name": "@allisonadam81/flow",
      "version": "1.0.0",
      "license": "MIT"
    },
    "node_modules/@allisonadam81/flow": {
      "resolved": "flow/src",
      "link": true
    }
  }
}
